
Microsoft Visual Studio Solution File, Format Version 12.00
# Visual Studio Version 17
VisualStudioVersion = 17.4.33213.308
MinimumVisualStudioVersion = 10.0.40219.1
Project("{888888A0-9F3D-457C-B088-3A5042F75D52}") = "Assignment3", "Assignment3.pyproj", "{B32132BD-452F-4AAF-8496-22BB41C3E3A2}"
EndProject
Global
	GlobalSection(SolutionConfigurationPlatforms) = preSolution
		Debug|Any CPU = Debug|Any CPU
		Release|Any CPU = Release|Any CPU
	EndGlobalSection
	GlobalSection(ProjectConfigurationPlatforms) = postSolution
		{B32132BD-452F-4AAF-8496-22BB41C3E3A2}.Debug|Any CPU.ActiveCfg = Debug|Any CPU
		{B32132BD-452F-4AAF-8496-22BB41C3E3A2}.Release|Any CPU.ActiveCfg = Release|Any CPU
	EndGlobalSection
	GlobalSection(SolutionProperties) = preSolution
		HideSolutionNode = FALSE
	EndGlobalSection
	GlobalSection(ExtensibilityGlobals) = postSolution
		SolutionGuid = {7128E434-60D5-42A7-B342-3B5CFA7344FA}
	EndGlobalSection
EndGlobal
